// !$*UTF8*$!
{
	archiveVersion = 1;
	classes = {
	};
	objectVersion = 50;
	objects = {

/* Begin PBXBuildFile section */
		11B1D1CB2991A21A00BC5280 /* AppDelegate.swift in Sources */ = {isa = PBXBuildFile; fileRef = 11B1D1CA2991A21A00BC5280 /* AppDelegate.swift */; };
		11B1D1CD2991A21A00BC5280 /* SceneDelegate.swift in Sources */ = {isa = PBXBuildFile; fileRef = 11B1D1CC2991A21A00BC5280 /* SceneDelegate.swift */; };
		11B1D1CF2991A21A00BC5280 /* ViewController.swift in Sources */ = {isa = PBXBuildFile; fileRef = 11B1D1CE2991A21A00BC5280 /* ViewController.swift */; };
		11B1D1D22991A21A00BC5280 /* Main.storyboard in Resources */ = {isa = PBXBuildFile; fileRef = 11B1D1D02991A21A00BC5280 /* Main.storyboard */; };
		11B1D1D42991A22200BC5280 /* Assets.xcassets in Resources */ = {isa = PBXBuildFile; fileRef = 11B1D1D32991A22200BC5280 /* Assets.xcassets */; };
		11B1D1D72991A22200BC5280 /* LaunchScreen.storyboard in Resources */ = {isa = PBXBuildFile; fileRef = 11B1D1D52991A22200BC5280 /* LaunchScreen.storyboard */; };
		11B1D1E32991A3F900BC5280 /* PictureCell.swift in Sources */ = {isa = PBXBuildFile; fileRef = 11B1D1E22991A3F900BC5280 /* PictureCell.swift */; };
		11B1D1E62991A55A00BC5280 /* DetailViewController.swift in Sources */ = {isa = PBXBuildFile; fileRef = 11B1D1E52991A55A00BC5280 /* DetailViewController.swift */; };
		11B1D1EA2991A7BA00BC5280 /* Picture.swift in Sources */ = {isa = PBXBuildFile; fileRef = 11B1D1E92991A7BA00BC5280 /* Picture.swift */; };
/* End PBXBuildFile section */

/* Begin PBXFileReference section */
		11B1D1C72991A21A00BC5280 /* Milestone 10-12.app */ = {isa = PBXFileReference; explicitFileType = wrapper.application; includeInIndex = 0; path = "Milestone 10-12.app"; sourceTree = BUILT_PRODUCTS_DIR; };
		11B1D1CA2991A21A00BC5280 /* AppDelegate.swift */ = {isa = PBXFileReference; lastKnownFileType = sourcecode.swift; path = AppDelegate.swift; sourceTree = "<group>"; };
		11B1D1CC2991A21A00BC5280 /* SceneDelegate.swift */ = {isa = PBXFileReference; lastKnownFileType = sourcecode.swift; path = SceneDelegate.swift; sourceTree = "<group>"; };
		11B1D1CE2991A21A00BC5280 /* ViewController.swift */ = {isa = PBXFileReference; lastKnownFileType = sourcecode.swift; path = ViewController.swift; sourceTree = "<group>"; };
		11B1D1D12991A21A00BC5280 /* Base */ = {isa = PBXFileReference; lastKnownFileType = file.storyboard; name = Base; path = Base.lproj/Main.storyboard; sourceTree = "<group>"; };
		11B1D1D32991A22200BC5280 /* Assets.xcassets */ = {isa = PBXFileReference; lastKnownFileType = folder.assetcatalog; path = Assets.xcassets; sourceTree = "<group>"; };
		11B1D1D62991A22200BC5280 /* Base */ = {isa = PBXFileReference; lastKnownFileType = file.storyboard; name = Base; path = Base.lproj/LaunchScreen.storyboard; sourceTree = "<group>"; };
		11B1D1D82991A22200BC5280 /* Info.plist */ = {isa = PBXFileReference; lastKnownFileType = text.plist.xml; path = Info.plist; sourceTree = "<group>"; };
		11B1D1E22991A3F900BC5280 /* PictureCell.swift */ = {isa = PBXFileReference; lastKnownFileType = sourcecode.swift; path = PictureCell.swift; sourceTree = "<group>"; };
		11B1D1E52991A55A00BC5280 /* DetailViewController.swift */ = {isa = PBXFileReference; lastKnownFileType = sourcecode.swift; path = DetailViewController.swift; sourceTree = "<group>"; };
		11B1D1E92991A7BA00BC5280 /* Picture.swift */ = {isa = PBXFileReference; lastKnownFileType = sourcecode.swift; path = Picture.swift; sourceTree = "<group>"; };
/* End PBXFileReference section */

/* Begin PBXFrameworksBuildPhase section */
		11B1D1C42991A21A00BC5280 /* Frameworks */ = {
			isa = PBXFrameworksBuildPhase;
			buildActionMask = 2147483647;
			files = (
			);
			runOnlyForDeploymentPostprocessing = 0;
		};
/* End PBXFrameworksBuildPhase section */

/* Begin PBXGroup section */
		11B1D1BE2991A21A00BC5280 = {
			isa = PBXGroup;
			children = (
				11B1D1C92991A21A00BC5280 /* Milestone 10-12 */,
				11B1D1C82991A21A00BC5280 /* Products */,
			);
			sourceTree = "<group>";
		};
		11B1D1C82991A21A00BC5280 /* Products */ = {
			isa = PBXGroup;
			children = (
				11B1D1C72991A21A00BC5280 /* Milestone 10-12.app */,
			);
			name = Products;
			sourceTree = "<group>";
		};
		11B1D1C92991A21A00BC5280 /* Milestone 10-12 */ = {
			isa = PBXGroup;
			children = (
				11B1D1CA2991A21A00BC5280 /* AppDelegate.swift */,
				11B1D1CC2991A21A00BC5280 /* SceneDelegate.swift */,
				11B1D1CE2991A21A00BC5280 /* ViewController.swift */,
				11B1D1D02991A21A00BC5280 /* Main.storyboard */,
				11B1D1E52991A55A00BC5280 /* DetailViewController.swift */,
				11B1D1E92991A7BA00BC5280 /* Picture.swift */,
				11B1D1E22991A3F900BC5280 /* PictureCell.swift */,
				11B1D1D32991A22200BC5280 /* Assets.xcassets */,
				11B1D1D52991A22200BC5280 /* LaunchScreen.storyboard */,
				11B1D1D82991A22200BC5280 /* Info.plist */,
			);
			path = "Milestone 10-12";
			sourceTree = "<group>";
		};
/* End PBXGroup section */

/* Begin PBXNativeTarget section */
		11B1D1C62991A21A00BC5280 /* Milestone 10-12 */ = {
			isa = PBXNativeTarget;
			buildConfigurationList = 11B1D1DB2991A22200BC5280 /* Build configuration list for PBXNativeTarget "Milestone 10-12" */;
			buildPhases = (
				11B1D1C32991A21A00BC5280 /* Sources */,
				11B1D1C42991A21A00BC5280 /* Frameworks */,
				11B1D1C52991A21A00BC5280 /* Resources */,
			);
			buildRules = (
			);
			dependencies = (
			);
			name = "Milestone 10-12";
			productName = "Milestone 10-12";
			productReference = 11B1D1C72991A21A00BC5280 /* Milestone 10-12.app */;
			productType = "com.apple.product-type.application";
		};
/* End PBXNativeTarget section */

/* Begin PBXProject section */
		11B1D1BF2991A21A00BC5280 /* Project object */ = {
			isa = PBXProject;
			attributes = {
				LastSwiftUpdateCheck = 1240;
				LastUpgradeCheck = 1240;
				TargetAttributes = {
					11B1D1C62991A21A00BC5280 = {
						CreatedOnToolsVersion = 12.4;
					};
				};
			};
			buildConfigurationList = 11B1D1C22991A21A00BC5280 /* Build configuration list for PBXProject "Milestone 10-12" */;
			compatibilityVersion = "Xcode 9.3";
			developmentRegion = en;
			hasScannedForEncodings = 0;
			knownRegions = (
				en,
				Base,
			);
			mainGroup = 11B1D1BE2991A21A00BC5280;
			productRefGroup = 11B1D1C82991A21A00BC5280 /* Products */;
			projectDirPath = "";
			projectRoot = "";
			targets = (
				11B1D1C62991A21A00BC5280 /* Milestone 10-12 */,
			);
		};
/* End PBXProject section */

/* Begin PBXResourcesBuildPhase section */
		11B1D1C52991A21A00BC5280 /* Resources */ = {
			isa = PBXResourcesBuildPhase;
			buildActionMask = 2147483647;
			files = (
				11B1D1D72991A22200BC5280 /* LaunchScreen.storyboard in Resources */,
				11B1D1D42991A22200BC5280 /* Assets.xcassets in Resources */,
				11B1D1D22991A21A00BC5280 /* Main.storyboard in Resources */,
			);
			runOnlyForDeploymentPostprocessing = 0;
		};
/* End PBXResourcesBuildPhase section */

/* Begin PBXSourcesBuildPhase section */
		11B1D1C32991A21A00BC5280 /* Sources */ = {
			isa = PBXSourcesBuildPhase;
			buildActionMask = 2147483647;
			files = (
				11B1D1EA2991A7BA00BC5280 /* Picture.swift in Sources */,
				11B1D1CF2991A21A00BC5280 /* ViewController.swift in Sources */,
				11B1D1E32991A3F900BC5280 /* PictureCell.swift in Sources */,
				11B1D1E62991A55A00BC5280 /* DetailViewController.swift in Sources */,
				11B1D1CB2991A21A00BC5280 /* AppDelegate.swift in Sources */,
				11B1D1CD2991A21A00BC5280 /* SceneDelegate.swift in Sources */,
			);
			runOnlyForDeploymentPostprocessing = 0;
		};
/* End PBXSourcesBuildPhase section */

/* Begin PBXVariantGroup section */
		11B1D1D02991A21A00BC5280 /* Main.storyboard */ = {
			isa = PBXVariantGroup;
			children = (
				11B1D1D12991A21A00BC5280 /* Base */,
			);
			name = Main.storyboard;
			sourceTree = "<group>";
		};
		11B1D1D52991A22200BC5280 /* LaunchScreen.storyboard */ = {
			isa = PBXVariantGroup;
			children = (
				11B1D1D62991A22200BC5280 /* Base */,
			);
			name = LaunchScreen.storyboard;
			sourceTree = "<group>";
		};
/* End PBXVariantGroup section */

/* Begin XCBuildConfiguration section */
		11B1D1D92991A22200BC5280 /* Debug */ = {
			isa = XCBuildConfiguration;
			buildSettings = {
				ALWAYS_SEARCH_USER_PATHS = NO;
				CLANG_ANALYZER_NONNULL = YES;
				CLANG_ANALYZER_NUMBER_OBJECT_CONVERSION = YES_AGGRESSIVE;
				CLANG_CXX_LANGUAGE_STANDARD = "gnu++14";
				CLANG_CXX_LIBRARY = "libc++";
				CLANG_ENABLE_MODULES = YES;
				CLANG_ENABLE_OBJC_ARC = YES;
				CLANG_ENABLE_OBJC_WEAK = YES;
				CLANG_WARN_BLOCK_CAPTURE_AUTORELEASING = YES;
				CLANG_WARN_BOOL_CONVERSION = YES;
				CLANG_WARN_COMMA = YES;
				CLANG_WARN_CONSTANT_CONVERSION = YES;
				CLANG_WARN_DEPRECATED_OBJC_IMPLEMENTATIONS = YES;
				CLANG_WARN_DIRECT_OBJC_ISA_USAGE = YES_ERROR;
				CLANG_WARN_DOCUMENTATION_COMMENTS = YES;
				CLANG_WARN_EMPTY_BODY = YES;
				CLANG_WARN_ENUM_CONVERSION = YES;
				CLANG_WARN_INFINITE_RECURSION = YES;
				CLANG_WARN_INT_CONVERSION = YES;
				CLANG_WARN_NON_LITERAL_NULL_CONVERSION = YES;
				CLANG_WARN_OBJC_IMPLICIT_RETAIN_SELF = YES;
				CLANG_WARN_OBJC_LITERAL_CONVERSION = YES;
				CLANG_WARN_OBJC_ROOT_CLASS = YES_ERROR;
				CLANG_WARN_QUOTED_INCLUDE_IN_FRAMEWORK_HEADER = YES;
				CLANG_WARN_RANGE_LOOP_ANALYSIS = YES;
				CLANG_WARN_STRICT_PROTOTYPES = YES;
				CLANG_WARN_SUSPICIOUS_MOVE = YES;
				CLANG_WARN_UNGUARDED_AVAILABILITY = YES_AGGRESSIVE;
				CLANG_WARN_UNREACHABLE_CODE = YES;
				CLANG_WARN__DUPLICATE_METHOD_MATCH = YES;
				COPY_PHASE_STRIP = NO;
				DEBUG_INFORMATION_FORMAT = dwarf;
				ENABLE_STRICT_OBJC_MSGSEND = YES;
				ENABLE_TESTABILITY = YES;
				GCC_C_LANGUAGE_STANDARD = gnu11;
				GCC_DYNAMIC_NO_PIC = NO;
				GCC_NO_COMMON_BLOCKS = YES;
				GCC_OPTIMIZATION_LEVEL = 0;
				GCC_PREPROCESSOR_DEFINITIONS = (
					"DEBUG=1",
					"$(inherited)",
				);
				GCC_WARN_64_TO_32_BIT_CONVERSION = YES;
				GCC_WARN_ABOUT_RETURN_TYPE = YES_ERROR;
				GCC_WARN_UNDECLARED_SELECTOR = YES;
				GCC_WARN_UNINITIALIZED_AUTOS = YES_AGGRESSIVE;
				GCC_WARN_UNUSED_FUNCTION = YES;
				GCC_WARN_UNUSED_VARIABLE = YES;
				IPHONEOS_DEPLOYMENT_TARGET = 14.4;
				MTL_ENABLE_DEBUG_INFO = INCLUDE_SOURCE;
				MTL_FAST_MATH = YES;
				ONLY_ACTIVE_ARCH = YES;
				SDKROOT = iphoneos;
				SWIFT_ACTIVE_COMPILATION_CONDITIONS = DEBUG;
				SWIFT_OPTIMIZATION_LEVEL = "-Onone";
			};
			name = Debug;
		};
		11B1D1DA2991A22200BC5280 /* Release */ = {
			isa = XCBuildConfiguration;
			buildSettings = {
				ALWAYS_SEARCH_USER_PATHS = NO;
				CLANG_ANALYZER_NONNULL = YES;
				CLANG_ANALYZER_NUMBER_OBJECT_CONVERSION = YES_AGGRESSIVE;
				CLANG_CXX_LANGUAGE_STANDARD = "gnu++14";
				CLANG_CXX_LIBRARY = "libc++";
				CLANG_ENABLE_MODULES = YES;
				CLANG_ENABLE_OBJC_ARC = YES;
				CLANG_ENABLE_OBJC_WEAK = YES;
				CLANG_WARN_BLOCK_CAPTURE_AUTORELEASING = YES;
				CLANG_WARN_BOOL_CONVERSION = YES;
				CLANG_WARN_COMMA = YES;
				CLANG_WARN_CONSTANT_CONVERSION = YES;
				CLANG_WARN_DEPRECATED_OBJC_IMPLEMENTATIONS = YES;
				CLANG_WARN_DIRECT_OBJC_ISA_USAGE = YES_ERROR;
				CLANG_WARN_DOCUMENTATION_COMMENTS = YES;
				CLANG_WARN_EMPTY_BODY = YES;
				CLANG_WARN_ENUM_CONVERSION = YES;
				CLANG_WARN_INFINITE_RECURSION = YES;
				CLANG_WARN_INT_CONVERSION = YES;
				CLANG_WARN_NON_LITERAL_NULL_CONVERSION = YES;
				CLANG_WARN_OBJC_IMPLICIT_RETAIN_SELF = YES;
				CLANG_WARN_OBJC_LITERAL_CONVERSION = YES;
				CLANG_WARN_OBJC_ROOT_CLASS = YES_ERROR;
				CLANG_WARN_QUOTED_INCLUDE_IN_FRAMEWORK_HEADER = YES;
				CLANG_WARN_RANGE_LOOP_ANALYSIS = YES;
				CLANG_WARN_STRICT_PROTOTYPES = YES;
				CLANG_WARN_SUSPICIOUS_MOVE = YES;
				CLANG_WARN_UNGUARDED_AVAILABILITY = YES_AGGRESSIVE;
				CLANG_WARN_UNREACHABLE_CODE = YES;
				CLANG_WARN__DUPLICATE_METHOD_MATCH = YES;
				COPY_PHASE_STRIP = NO;
				DEBUG_INFORMATION_FORMAT = "dwarf-with-dsym";
				ENABLE_NS_ASSERTIONS = NO;
				ENABLE_STRICT_OBJC_MSGSEND = YES;
				GCC_C_LANGUAGE_STANDARD = gnu11;
				GCC_NO_COMMON_BLOCKS = YES;
				GCC_WARN_64_TO_32_BIT_CONVERSION = YES;
				GCC_WARN_ABOUT_RETURN_TYPE = YES_ERROR;
				GCC_WARN_UNDECLARED_SELECTOR = YES;
				GCC_WARN_UNINITIALIZED_AUTOS = YES_AGGRESSIVE;
				GCC_WARN_UNUSED_FUNCTION = YES;
				GCC_WARN_UNUSED_VARIABLE = YES;
				IPHONEOS_DEPLOYMENT_TARGET = 14.4;
				MTL_ENABLE_DEBUG_INFO = NO;
				MTL_FAST_MATH = YES;
				SDKROOT = iphoneos;
				SWIFT_COMPILATION_MODE = wholemodule;
				SWIFT_OPTIMIZATION_LEVEL = "-O";
				VALIDATE_PRODUCT = YES;
			};
			name = Release;
		};
		11B1D1DC2991A22200BC5280 /* Debug */ = {
			isa = XCBuildConfiguration;
			buildSettings = {
				ASSETCATALOG_COMPILER_APPICON_NAME = AppIcon;
				ASSETCATALOG_COMPILER_GLOBAL_ACCENT_COLOR_NAME = AccentColor;
				CODE_SIGN_STYLE = Automatic;
				INFOPLIST_FILE = "Milestone 10-12/Info.plist";
				LD_RUNPATH_SEARCH_PATHS = (
					"$(inherited)",
					"@executable_path/Frameworks",
				);
				PRODUCT_BUNDLE_IDENTIFIER = "Playgroung.Milestone-10-12";
				PRODUCT_NAME = "$(TARGET_NAME)";
				SWIFT_VERSION = 5.0;
				TARGETED_DEVICE_FAMILY = "1,2";
			};
			name = Debug;
		};
		11B1D1DD2991A22200BC5280 /* Release */ = {
			isa = XCBuildConfiguration;
			buildSettings = {
				ASSETCATALOG_COMPILER_APPICON_NAME = AppIcon;
				ASSETCATALOG_COMPILER_GLOBAL_ACCENT_COLOR_NAME = AccentColor;
				CODE_SIGN_STYLE = Automatic;
				INFOPLIST_FILE = "Milestone 10-12/Info.plist";
				LD_RUNPATH_SEARCH_PATHS = (
					"$(inherited)",
					"@executable_path/Frameworks",
				);
				PRODUCT_BUNDLE_IDENTIFIER = "Playgroung.Milestone-10-12";
				PRODUCT_NAME = "$(TARGET_NAME)";
				SWIFT_VERSION = 5.0;
				TARGETED_DEVICE_FAMILY = "1,2";
			};
			name = Release;
		};
/* End XCBuildConfiguration section */

/* Begin XCConfigurationList section */
		11B1D1C22991A21A00BC5280 /* Build configuration list for PBXProject "Milestone 10-12" */ = {
			isa = XCConfigurationList;
			buildConfigurations = (
				11B1D1D92991A22200BC5280 /* Debug */,
				11B1D1DA2991A22200BC5280 /* Release */,
			);
			defaultConfigurationIsVisible = 0;
			defaultConfigurationName = Release;
		};
		11B1D1DB2991A22200BC5280 /* Build configuration list for PBXNativeTarget "Milestone 10-12" */ = {
			isa = XCConfigurationList;
			buildConfigurations = (
				11B1D1DC2991A22200BC5280 /* Debug */,
				11B1D1DD2991A22200BC5280 /* Release */,
			);
			defaultConfigurationIsVisible = 0;
			defaultConfigurationName = Release;
		};
/* End XCConfigurationList section */
	};
	rootObject = 11B1D1BF2991A21A00BC5280 /* Project object */;
}
